
Microsoft Visual Studio Solution File, Format Version 12.00
# Visual Studio Version 17
VisualStudioVersion = 17.4.33205.214
MinimumVisualStudioVersion = 10.0.40219.1
Project("{2150E333-8FDC-42A3-9474-1A3956D46DE8}") = "Data", "Data", "{E9F04E3A-A12C-4A43-B13B-EB8ECF8D7D09}"
EndProject
Project("{2150E333-8FDC-42A3-9474-1A3956D46DE8}") = "Services", "Services", "{A88ADE2A-8282-492B-81B7-9BC15BE1E9C7}"
EndProject
Project("{2150E333-8FDC-42A3-9474-1A3956D46DE8}") = "Systems", "Systems", "{9EA48459-0840-485E-BD5D-13C02AA65B0E}"
EndProject
Project("{2150E333-8FDC-42A3-9474-1A3956D46DE8}") = "Shared", "Shared", "{AFBAD9A7-4CB2-49EB-8B2F-82DC26037210}"
EndProject
Project("{2150E333-8FDC-42A3-9474-1A3956D46DE8}") = "Api", "Api", "{6EF8776A-EE06-422A-9849-CE180286C36B}"
EndProject
Project("{2150E333-8FDC-42A3-9474-1A3956D46DE8}") = "Identity", "Identity", "{D73AF9FA-1392-4707-8FA9-416134AA4288}"
EndProject
Project("{9A19103F-16F7-4668-BE54-9A1E7A4F7556}") = "GameStore.Api", "Systems\Api\GameStore.Api\GameStore.Api.csproj", "{E236BC78-AB2A-47F5-B0D7-BD5ECC1888A0}"
EndProject
Project("{9A19103F-16F7-4668-BE54-9A1E7A4F7556}") = "GameStore.Common", "Shared\GameStore.Common\GameStore.Common.csproj", "{FBA9C471-4CCE-4131-976C-951BCD3BAC44}"
EndProject
Project("{9A19103F-16F7-4668-BE54-9A1E7A4F7556}") = "GameStore.Settings", "Shared\GameStore.Settings\GameStore.Settings.csproj", "{8DFD0E34-9660-4C1D-AFF1-F42C7D2FBFC0}"
EndProject
Project("{9A19103F-16F7-4668-BE54-9A1E7A4F7556}") = "GameStore.Services.Settings", "Services\GameStore.Services.Settings\GameStore.Services.Settings.csproj", "{514750C5-B8CA-4A55-9204-DE82267C91BF}"
EndProject
Project("{9A19103F-16F7-4668-BE54-9A1E7A4F7556}") = "GameStore.Api.Settings", "Systems\Api\GameStore.Api.Settings\GameStore.Api.Settings.csproj", "{18611D35-38F0-41D3-BC75-F3E483990AC2}"
EndProject
Project("{9A19103F-16F7-4668-BE54-9A1E7A4F7556}") = "GameStore.Context.Entities", "Data\GameStore.Context.Entities\GameStore.Context.Entities.csproj", "{BBEC2E79-DC64-4D46-80C1-128C4EAC5903}"
EndProject
Project("{9A19103F-16F7-4668-BE54-9A1E7A4F7556}") = "GameStore.Services.Games", "Services\GameStore.Services.Games\GameStore.Services.Games.csproj", "{4691245F-E8F3-49E0-BB22-270373BBD407}"
EndProject
Project("{9A19103F-16F7-4668-BE54-9A1E7A4F7556}") = "GameStore.Context", "Data\GameStore.Context\GameStore.Context.csproj", "{0DD8C043-ADD0-483B-89A7-9CE5B290609C}"
EndProject
Project("{9A19103F-16F7-4668-BE54-9A1E7A4F7556}") = "GameStore.Identity", "Systems\Identity\GameStore.Identity\GameStore.Identity.csproj", "{6E589A23-541F-4534-8784-F289DD75A847}"
EndProject
Project("{9A19103F-16F7-4668-BE54-9A1E7A4F7556}") = "GameStore.Services.UserAccount", "Services\GameStore.Services.UserAccount\GameStore.Services.UserAccount.csproj", "{66F7F1C1-9D88-4615-B5B7-163B7A5A1593}"
EndProject
Project("{2150E333-8FDC-42A3-9474-1A3956D46DE8}") = "Web", "Web", "{6ABC8BD2-E368-41B3-BBC6-6BCCAD760C2A}"
EndProject
Project("{9A19103F-16F7-4668-BE54-9A1E7A4F7556}") = "GameStore.Web", "Systems\Web\GameStore.Web\GameStore.Web.csproj", "{0CA2DEEC-EEB6-4FE0-9403-ABCE7436DEA0}"
EndProject
Project("{9A19103F-16F7-4668-BE54-9A1E7A4F7556}") = "GameStore.Context.Migrations", "Data\GameStore.Context.Migrations\GameStore.Context.Migrations\GameStore.Context.Migrations.csproj", "{6BCEE438-C55D-4A86-A52D-DF523FFBCC70}"
EndProject
Project("{2150E333-8FDC-42A3-9474-1A3956D46DE8}") = "Tests", "Tests", "{A161D033-9BCE-4612-9F76-030326426D27}"
EndProject
Project("{9A19103F-16F7-4668-BE54-9A1E7A4F7556}") = "GameStore.Tests", "Tests\GameStore.Tests\GameStore.Tests.csproj", "{281D27F7-3FDF-4DA4-923C-0BA344617B1C}"
EndProject
Project("{9A19103F-16F7-4668-BE54-9A1E7A4F7556}") = "GameStore.Services.Comments", "Services\GameStore.Services.Comments\GameStore.Services.Comments.csproj", "{73A4280B-A48D-4838-8AB0-D4A518DFDED7}"
EndProject
Global
	GlobalSection(SolutionConfigurationPlatforms) = preSolution
		Debug|Any CPU = Debug|Any CPU
		Release|Any CPU = Release|Any CPU
	EndGlobalSection
	GlobalSection(ProjectConfigurationPlatforms) = postSolution
		{E236BC78-AB2A-47F5-B0D7-BD5ECC1888A0}.Debug|Any CPU.ActiveCfg = Debug|Any CPU
		{E236BC78-AB2A-47F5-B0D7-BD5ECC1888A0}.Debug|Any CPU.Build.0 = Debug|Any CPU
		{E236BC78-AB2A-47F5-B0D7-BD5ECC1888A0}.Release|Any CPU.ActiveCfg = Release|Any CPU
		{E236BC78-AB2A-47F5-B0D7-BD5ECC1888A0}.Release|Any CPU.Build.0 = Release|Any CPU
		{FBA9C471-4CCE-4131-976C-951BCD3BAC44}.Debug|Any CPU.ActiveCfg = Debug|Any CPU
		{FBA9C471-4CCE-4131-976C-951BCD3BAC44}.Debug|Any CPU.Build.0 = Debug|Any CPU
		{FBA9C471-4CCE-4131-976C-951BCD3BAC44}.Release|Any CPU.ActiveCfg = Release|Any CPU
		{FBA9C471-4CCE-4131-976C-951BCD3BAC44}.Release|Any CPU.Build.0 = Release|Any CPU
		{8DFD0E34-9660-4C1D-AFF1-F42C7D2FBFC0}.Debug|Any CPU.ActiveCfg = Debug|Any CPU
		{8DFD0E34-9660-4C1D-AFF1-F42C7D2FBFC0}.Debug|Any CPU.Build.0 = Debug|Any CPU
		{8DFD0E34-9660-4C1D-AFF1-F42C7D2FBFC0}.Release|Any CPU.ActiveCfg = Release|Any CPU
		{8DFD0E34-9660-4C1D-AFF1-F42C7D2FBFC0}.Release|Any CPU.Build.0 = Release|Any CPU
		{514750C5-B8CA-4A55-9204-DE82267C91BF}.Debug|Any CPU.ActiveCfg = Debug|Any CPU
		{514750C5-B8CA-4A55-9204-DE82267C91BF}.Debug|Any CPU.Build.0 = Debug|Any CPU
		{514750C5-B8CA-4A55-9204-DE82267C91BF}.Release|Any CPU.ActiveCfg = Release|Any CPU
		{514750C5-B8CA-4A55-9204-DE82267C91BF}.Release|Any CPU.Build.0 = Release|Any CPU
		{18611D35-38F0-41D3-BC75-F3E483990AC2}.Debug|Any CPU.ActiveCfg = Debug|Any CPU
		{18611D35-38F0-41D3-BC75-F3E483990AC2}.Debug|Any CPU.Build.0 = Debug|Any CPU
		{18611D35-38F0-41D3-BC75-F3E483990AC2}.Release|Any CPU.ActiveCfg = Release|Any CPU
		{18611D35-38F0-41D3-BC75-F3E483990AC2}.Release|Any CPU.Build.0 = Release|Any CPU
		{BBEC2E79-DC64-4D46-80C1-128C4EAC5903}.Debug|Any CPU.ActiveCfg = Debug|Any CPU
		{BBEC2E79-DC64-4D46-80C1-128C4EAC5903}.Debug|Any CPU.Build.0 = Debug|Any CPU
		{BBEC2E79-DC64-4D46-80C1-128C4EAC5903}.Release|Any CPU.ActiveCfg = Release|Any CPU
		{BBEC2E79-DC64-4D46-80C1-128C4EAC5903}.Release|Any CPU.Build.0 = Release|Any CPU
		{4691245F-E8F3-49E0-BB22-270373BBD407}.Debug|Any CPU.ActiveCfg = Debug|Any CPU
		{4691245F-E8F3-49E0-BB22-270373BBD407}.Debug|Any CPU.Build.0 = Debug|Any CPU
		{4691245F-E8F3-49E0-BB22-270373BBD407}.Release|Any CPU.ActiveCfg = Release|Any CPU
		{4691245F-E8F3-49E0-BB22-270373BBD407}.Release|Any CPU.Build.0 = Release|Any CPU
		{0DD8C043-ADD0-483B-89A7-9CE5B290609C}.Debug|Any CPU.ActiveCfg = Debug|Any CPU
		{0DD8C043-ADD0-483B-89A7-9CE5B290609C}.Debug|Any CPU.Build.0 = Debug|Any CPU
		{0DD8C043-ADD0-483B-89A7-9CE5B290609C}.Release|Any CPU.ActiveCfg = Release|Any CPU
		{0DD8C043-ADD0-483B-89A7-9CE5B290609C}.Release|Any CPU.Build.0 = Release|Any CPU
		{6E589A23-541F-4534-8784-F289DD75A847}.Debug|Any CPU.ActiveCfg = Debug|Any CPU
		{6E589A23-541F-4534-8784-F289DD75A847}.Debug|Any CPU.Build.0 = Debug|Any CPU
		{6E589A23-541F-4534-8784-F289DD75A847}.Release|Any CPU.ActiveCfg = Release|Any CPU
		{6E589A23-541F-4534-8784-F289DD75A847}.Release|Any CPU.Build.0 = Release|Any CPU
		{66F7F1C1-9D88-4615-B5B7-163B7A5A1593}.Debug|Any CPU.ActiveCfg = Debug|Any CPU
		{66F7F1C1-9D88-4615-B5B7-163B7A5A1593}.Debug|Any CPU.Build.0 = Debug|Any CPU
		{66F7F1C1-9D88-4615-B5B7-163B7A5A1593}.Release|Any CPU.ActiveCfg = Release|Any CPU
		{66F7F1C1-9D88-4615-B5B7-163B7A5A1593}.Release|Any CPU.Build.0 = Release|Any CPU
		{0CA2DEEC-EEB6-4FE0-9403-ABCE7436DEA0}.Debug|Any CPU.ActiveCfg = Debug|Any CPU
		{0CA2DEEC-EEB6-4FE0-9403-ABCE7436DEA0}.Debug|Any CPU.Build.0 = Debug|Any CPU
		{0CA2DEEC-EEB6-4FE0-9403-ABCE7436DEA0}.Release|Any CPU.ActiveCfg = Release|Any CPU
		{0CA2DEEC-EEB6-4FE0-9403-ABCE7436DEA0}.Release|Any CPU.Build.0 = Release|Any CPU
		{6BCEE438-C55D-4A86-A52D-DF523FFBCC70}.Debug|Any CPU.ActiveCfg = Debug|Any CPU
		{6BCEE438-C55D-4A86-A52D-DF523FFBCC70}.Debug|Any CPU.Build.0 = Debug|Any CPU
		{6BCEE438-C55D-4A86-A52D-DF523FFBCC70}.Release|Any CPU.ActiveCfg = Release|Any CPU
		{6BCEE438-C55D-4A86-A52D-DF523FFBCC70}.Release|Any CPU.Build.0 = Release|Any CPU
		{281D27F7-3FDF-4DA4-923C-0BA344617B1C}.Debug|Any CPU.ActiveCfg = Debug|Any CPU
		{281D27F7-3FDF-4DA4-923C-0BA344617B1C}.Debug|Any CPU.Build.0 = Debug|Any CPU
		{281D27F7-3FDF-4DA4-923C-0BA344617B1C}.Release|Any CPU.ActiveCfg = Release|Any CPU
		{281D27F7-3FDF-4DA4-923C-0BA344617B1C}.Release|Any CPU.Build.0 = Release|Any CPU
		{73A4280B-A48D-4838-8AB0-D4A518DFDED7}.Debug|Any CPU.ActiveCfg = Debug|Any CPU
		{73A4280B-A48D-4838-8AB0-D4A518DFDED7}.Debug|Any CPU.Build.0 = Debug|Any CPU
		{73A4280B-A48D-4838-8AB0-D4A518DFDED7}.Release|Any CPU.ActiveCfg = Release|Any CPU
		{73A4280B-A48D-4838-8AB0-D4A518DFDED7}.Release|Any CPU.Build.0 = Release|Any CPU
	EndGlobalSection
	GlobalSection(SolutionProperties) = preSolution
		HideSolutionNode = FALSE
	EndGlobalSection
	GlobalSection(NestedProjects) = preSolution
		{6EF8776A-EE06-422A-9849-CE180286C36B} = {9EA48459-0840-485E-BD5D-13C02AA65B0E}
		{D73AF9FA-1392-4707-8FA9-416134AA4288} = {9EA48459-0840-485E-BD5D-13C02AA65B0E}
		{E236BC78-AB2A-47F5-B0D7-BD5ECC1888A0} = {6EF8776A-EE06-422A-9849-CE180286C36B}
		{FBA9C471-4CCE-4131-976C-951BCD3BAC44} = {AFBAD9A7-4CB2-49EB-8B2F-82DC26037210}
		{8DFD0E34-9660-4C1D-AFF1-F42C7D2FBFC0} = {AFBAD9A7-4CB2-49EB-8B2F-82DC26037210}
		{514750C5-B8CA-4A55-9204-DE82267C91BF} = {A88ADE2A-8282-492B-81B7-9BC15BE1E9C7}
		{18611D35-38F0-41D3-BC75-F3E483990AC2} = {6EF8776A-EE06-422A-9849-CE180286C36B}
		{BBEC2E79-DC64-4D46-80C1-128C4EAC5903} = {E9F04E3A-A12C-4A43-B13B-EB8ECF8D7D09}
		{4691245F-E8F3-49E0-BB22-270373BBD407} = {A88ADE2A-8282-492B-81B7-9BC15BE1E9C7}
		{0DD8C043-ADD0-483B-89A7-9CE5B290609C} = {E9F04E3A-A12C-4A43-B13B-EB8ECF8D7D09}
		{6E589A23-541F-4534-8784-F289DD75A847} = {D73AF9FA-1392-4707-8FA9-416134AA4288}
		{66F7F1C1-9D88-4615-B5B7-163B7A5A1593} = {A88ADE2A-8282-492B-81B7-9BC15BE1E9C7}
		{6ABC8BD2-E368-41B3-BBC6-6BCCAD760C2A} = {9EA48459-0840-485E-BD5D-13C02AA65B0E}
		{0CA2DEEC-EEB6-4FE0-9403-ABCE7436DEA0} = {6ABC8BD2-E368-41B3-BBC6-6BCCAD760C2A}
		{6BCEE438-C55D-4A86-A52D-DF523FFBCC70} = {E9F04E3A-A12C-4A43-B13B-EB8ECF8D7D09}
		{281D27F7-3FDF-4DA4-923C-0BA344617B1C} = {A161D033-9BCE-4612-9F76-030326426D27}
		{73A4280B-A48D-4838-8AB0-D4A518DFDED7} = {A88ADE2A-8282-492B-81B7-9BC15BE1E9C7}
	EndGlobalSection
	GlobalSection(ExtensibilityGlobals) = postSolution
		SolutionGuid = {E7E87536-630C-4A1B-8297-878A274F69B0}
	EndGlobalSection
EndGlobal
